
Microsoft Visual Studio Solution File, Format Version 12.00
# Visual Studio Version 17
VisualStudioVersion = 17.3.32929.385
MinimumVisualStudioVersion = 10.0.40219.1
Project("{2150E333-8FDC-42A3-9474-1A3956D46DE8}") = "Scripts", "Scripts", "{20A94E94-46C5-4AFB-9830-259B6804BF84}"
EndProject
Project("{2150E333-8FDC-42A3-9474-1A3956D46DE8}") = "src", "src", "{A8525632-8A2D-4FE0-BC03-4A63490BBC81}"
EndProject
Project("{2150E333-8FDC-42A3-9474-1A3956D46DE8}") = "0 - Building Blocks", "0 - Building Blocks", "{8DC0E7BD-DC82-4F10-9D00-B366CBDB47AC}"
EndProject
Project("{2150E333-8FDC-42A3-9474-1A3956D46DE8}") = "1 - Presentation", "1 - Presentation", "{B9832D00-A8EA-46A6-BBDA-3AFA6C662EEC}"
EndProject
Project("{2150E333-8FDC-42A3-9474-1A3956D46DE8}") = "2 - Services", "2 - Services", "{C4D6BA38-48FE-4FE5-A890-1265126FC6F1}"
EndProject
Project("{2150E333-8FDC-42A3-9474-1A3956D46DE8}") = "3 - Application", "3 - Application", "{314D0D18-9EBC-40C4-82D1-F4D4F1BCC6AD}"
EndProject
Project("{2150E333-8FDC-42A3-9474-1A3956D46DE8}") = "4 - Domain", "4 - Domain", "{203CFBA0-DAAF-4B3A-B0D9-286A90F97DBF}"
EndProject
Project("{2150E333-8FDC-42A3-9474-1A3956D46DE8}") = "5 - Infra", "5 - Infra", "{4C461565-16C7-46F1-9844-0EDBF811F43A}"
EndProject
Project("{9A19103F-16F7-4668-BE54-9A1E7A4F7556}") = "FunkoMania.Domain", "FunkoMania.Domain\FunkoMania.Domain.csproj", "{3329BC7C-7071-45F5-81A2-431F5F56EAF0}"
EndProject
Project("{9A19103F-16F7-4668-BE54-9A1E7A4F7556}") = "FunkoMania.Core", "FunkoMania.Core\FunkoMania.Core.csproj", "{2CF084BF-341A-4744-AA8B-76FCB0C6EDCF}"
EndProject
Project("{9A19103F-16F7-4668-BE54-9A1E7A4F7556}") = "FunkoMania.Infra.Data", "FunkoMania.Infra.Data\FunkoMania.Infra.Data.csproj", "{EB70EE2B-E63D-473F-9291-5193E5389461}"
EndProject
Project("{9A19103F-16F7-4668-BE54-9A1E7A4F7556}") = "FunkoMania.Domain.Shared", "FunkoMania.Domain.Shared\FunkoMania.Domain.Shared.csproj", "{4BBADC49-6950-4623-86FD-99E7068CDE08}"
EndProject
Project("{9A19103F-16F7-4668-BE54-9A1E7A4F7556}") = "FunkoMania.Infra.CrossCutting.IoC", "FunkoMania.Infra.CrossCutting.IoC\FunkoMania.Infra.CrossCutting.IoC.csproj", "{6087BE82-5748-459F-8B20-B8A3D9A3DEB0}"
EndProject
Project("{9A19103F-16F7-4668-BE54-9A1E7A4F7556}") = "FunkoMania.Application", "FunkoMania.Application\FunkoMania.Application.csproj", "{B9849F76-6F37-47B7-99BF-1C20A7E363A6}"
EndProject
Project("{FAE04EC0-301F-11D3-BF4B-00C04F79EFBC}") = "FunkoPop.API", "FunkoPop.API\FunkoPop.API.csproj", "{CC68F078-A198-46D5-9F4D-89FE44D30121}"
EndProject
Global
	GlobalSection(SolutionConfigurationPlatforms) = preSolution
		Debug|Any CPU = Debug|Any CPU
		Release|Any CPU = Release|Any CPU
	EndGlobalSection
	GlobalSection(ProjectConfigurationPlatforms) = postSolution
		{3329BC7C-7071-45F5-81A2-431F5F56EAF0}.Debug|Any CPU.ActiveCfg = Debug|Any CPU
		{3329BC7C-7071-45F5-81A2-431F5F56EAF0}.Debug|Any CPU.Build.0 = Debug|Any CPU
		{3329BC7C-7071-45F5-81A2-431F5F56EAF0}.Release|Any CPU.ActiveCfg = Release|Any CPU
		{3329BC7C-7071-45F5-81A2-431F5F56EAF0}.Release|Any CPU.Build.0 = Release|Any CPU
		{2CF084BF-341A-4744-AA8B-76FCB0C6EDCF}.Debug|Any CPU.ActiveCfg = Debug|Any CPU
		{2CF084BF-341A-4744-AA8B-76FCB0C6EDCF}.Debug|Any CPU.Build.0 = Debug|Any CPU
		{2CF084BF-341A-4744-AA8B-76FCB0C6EDCF}.Release|Any CPU.ActiveCfg = Release|Any CPU
		{2CF084BF-341A-4744-AA8B-76FCB0C6EDCF}.Release|Any CPU.Build.0 = Release|Any CPU
		{EB70EE2B-E63D-473F-9291-5193E5389461}.Debug|Any CPU.ActiveCfg = Debug|Any CPU
		{EB70EE2B-E63D-473F-9291-5193E5389461}.Debug|Any CPU.Build.0 = Debug|Any CPU
		{EB70EE2B-E63D-473F-9291-5193E5389461}.Release|Any CPU.ActiveCfg = Release|Any CPU
		{EB70EE2B-E63D-473F-9291-5193E5389461}.Release|Any CPU.Build.0 = Release|Any CPU
		{4BBADC49-6950-4623-86FD-99E7068CDE08}.Debug|Any CPU.ActiveCfg = Debug|Any CPU
		{4BBADC49-6950-4623-86FD-99E7068CDE08}.Debug|Any CPU.Build.0 = Debug|Any CPU
		{4BBADC49-6950-4623-86FD-99E7068CDE08}.Release|Any CPU.ActiveCfg = Release|Any CPU
		{4BBADC49-6950-4623-86FD-99E7068CDE08}.Release|Any CPU.Build.0 = Release|Any CPU
		{6087BE82-5748-459F-8B20-B8A3D9A3DEB0}.Debug|Any CPU.ActiveCfg = Debug|Any CPU
		{6087BE82-5748-459F-8B20-B8A3D9A3DEB0}.Debug|Any CPU.Build.0 = Debug|Any CPU
		{6087BE82-5748-459F-8B20-B8A3D9A3DEB0}.Release|Any CPU.ActiveCfg = Release|Any CPU
		{6087BE82-5748-459F-8B20-B8A3D9A3DEB0}.Release|Any CPU.Build.0 = Release|Any CPU
		{B9849F76-6F37-47B7-99BF-1C20A7E363A6}.Debug|Any CPU.ActiveCfg = Debug|Any CPU
		{B9849F76-6F37-47B7-99BF-1C20A7E363A6}.Debug|Any CPU.Build.0 = Debug|Any CPU
		{B9849F76-6F37-47B7-99BF-1C20A7E363A6}.Release|Any CPU.ActiveCfg = Release|Any CPU
		{B9849F76-6F37-47B7-99BF-1C20A7E363A6}.Release|Any CPU.Build.0 = Release|Any CPU
		{CC68F078-A198-46D5-9F4D-89FE44D30121}.Debug|Any CPU.ActiveCfg = Debug|Any CPU
		{CC68F078-A198-46D5-9F4D-89FE44D30121}.Debug|Any CPU.Build.0 = Debug|Any CPU
		{CC68F078-A198-46D5-9F4D-89FE44D30121}.Release|Any CPU.ActiveCfg = Release|Any CPU
		{CC68F078-A198-46D5-9F4D-89FE44D30121}.Release|Any CPU.Build.0 = Release|Any CPU
	EndGlobalSection
	GlobalSection(SolutionProperties) = preSolution
		HideSolutionNode = FALSE
	EndGlobalSection
	GlobalSection(NestedProjects) = preSolution
		{8DC0E7BD-DC82-4F10-9D00-B366CBDB47AC} = {A8525632-8A2D-4FE0-BC03-4A63490BBC81}
		{B9832D00-A8EA-46A6-BBDA-3AFA6C662EEC} = {A8525632-8A2D-4FE0-BC03-4A63490BBC81}
		{C4D6BA38-48FE-4FE5-A890-1265126FC6F1} = {A8525632-8A2D-4FE0-BC03-4A63490BBC81}
		{314D0D18-9EBC-40C4-82D1-F4D4F1BCC6AD} = {A8525632-8A2D-4FE0-BC03-4A63490BBC81}
		{203CFBA0-DAAF-4B3A-B0D9-286A90F97DBF} = {A8525632-8A2D-4FE0-BC03-4A63490BBC81}
		{4C461565-16C7-46F1-9844-0EDBF811F43A} = {A8525632-8A2D-4FE0-BC03-4A63490BBC81}
		{3329BC7C-7071-45F5-81A2-431F5F56EAF0} = {203CFBA0-DAAF-4B3A-B0D9-286A90F97DBF}
		{2CF084BF-341A-4744-AA8B-76FCB0C6EDCF} = {8DC0E7BD-DC82-4F10-9D00-B366CBDB47AC}
		{EB70EE2B-E63D-473F-9291-5193E5389461} = {4C461565-16C7-46F1-9844-0EDBF811F43A}
		{4BBADC49-6950-4623-86FD-99E7068CDE08} = {203CFBA0-DAAF-4B3A-B0D9-286A90F97DBF}
		{6087BE82-5748-459F-8B20-B8A3D9A3DEB0} = {4C461565-16C7-46F1-9844-0EDBF811F43A}
		{B9849F76-6F37-47B7-99BF-1C20A7E363A6} = {314D0D18-9EBC-40C4-82D1-F4D4F1BCC6AD}
		{CC68F078-A198-46D5-9F4D-89FE44D30121} = {C4D6BA38-48FE-4FE5-A890-1265126FC6F1}
	EndGlobalSection
	GlobalSection(ExtensibilityGlobals) = postSolution
		SolutionGuid = {044B5DEE-8876-468D-937D-993B1BADAEF0}
	EndGlobalSection
EndGlobal
